{
    "name": "conformance-questionnaire",
    "version": "1.2.1",
    "lockfileVersion": 1,
    "requires": true,
    "dependencies": {
        "balanced-match": {
            "version": "1.0.0",
            "resolved": "https://registry.npmjs.org/balanced-match/-/balanced-match-1.0.0.tgz",
            "integrity": "sha1-ibTRmasr7kneFk6gK4nORi1xt2c="
        },
        "base64-js": {
            "version": "1.3.0",
            "resolved": "https://registry.npmjs.org/base64-js/-/base64-js-1.3.0.tgz",
            "integrity": "sha512-ccav/yGvoa80BQDljCxsmmQ3Xvx60/UpBIij5QN21W3wBi/hhIC9OoO+KLpu9IJTS9j4DRVJ3aDDF9cMSoa2lw=="
        },
        "brace-expansion": {
            "version": "1.1.11",
            "resolved": "https://registry.npmjs.org/brace-expansion/-/brace-expansion-1.1.11.tgz",
            "integrity": "sha512-iCuPHDFgrHX7H2vEI/5xpz07zSHB00TpugqhmYtVmMO6518mCuRMoOYFldEBl0g187ufozdaHgWKcYFb61qGiA==",
            "requires": {
                "balanced-match": "^1.0.0",
                "concat-map": "0.0.1"
            }
        },
        "brotli": {
            "version": "1.3.2",
            "resolved": "https://registry.npmjs.org/brotli/-/brotli-1.3.2.tgz",
            "integrity": "sha1-UlqcrU/LqWR119OI9q7LE+7VL0Y=",
            "requires": {
                "base64-js": "^1.1.2"
            }
        },
        "clone": {
            "version": "1.0.4",
            "resolved": "https://registry.npmjs.org/clone/-/clone-1.0.4.tgz",
            "integrity": "sha1-2jCcwmPfFZlMaIypAheco8fNfH4="
        },
        "concat-map": {
            "version": "0.0.1",
            "resolved": "https://registry.npmjs.org/concat-map/-/concat-map-0.0.1.tgz",
            "integrity": "sha1-2Klr13/Wjfd5OnMDajug1UBdR3s="
        },
        "crypto-js": {
            "version": "3.3.0",
            "resolved": "https://registry.npmjs.org/crypto-js/-/crypto-js-3.3.0.tgz",
            "integrity": "sha512-DIT51nX0dCfKltpRiXV+/TVZq+Qq2NgF4644+K7Ttnla7zEzqc+kjJyiB96BHNyUTBxyjzRcZYpUdZa+QAqi6Q=="
        },
        "deep-equal": {
            "version": "1.0.1",
            "resolved": "https://registry.npmjs.org/deep-equal/-/deep-equal-1.0.1.tgz",
            "integrity": "sha1-9dJgKStmDghO/0zbyfCK0yR0SLU="
        },
        "fontkit-next": {
            "version": "1.8.3",
            "resolved": "https://registry.npmjs.org/fontkit-next/-/fontkit-next-1.8.3.tgz",
            "integrity": "sha512-pa/vL114+ESn4Dokka7eIY+LtiMxyLRy+rnX4y6e+5rL8zDbUDoKzvFAE4LHVLaZY6hifuaut6z2Q4I1eawLvQ==",
            "requires": {
                "brotli": "^1.2.0",
                "clone": "^1.0.4",
                "deep-equal": "^1.0.0",
                "dfa": "^1.2.0",
                "restructure-next": "^2.0.1",
                "tiny-inflate": "^1.0.2",
                "unicode-properties": "^1.2.2",
                "unicode-trie": "^0.3.0"
            },
            "dependencies": {
                "dfa": {
                    "version": "1.2.0",
                    "resolved": "https://registry.npmjs.org/dfa/-/dfa-1.2.0.tgz",
                    "integrity": "sha512-ED3jP8saaweFTjeGX8HQPjeC1YYyZs98jGNZx6IiBvxW7JG5v492kamAQB3m2wop07CvU/RQmzcKr6bgcC5D/Q=="
                },
                "unicode-properties": {
                    "version": "1.3.1",
                    "resolved": "https://registry.npmjs.org/unicode-properties/-/unicode-properties-1.3.1.tgz",
                    "integrity": "sha512-nIV3Tf3LcUEZttY/2g4ZJtGXhWwSkuLL+rCu0DIAMbjyVPj+8j5gNVz4T/sVbnQybIsd5SFGkPKg/756OY6jlA==",
                    "requires": {
                        "base64-js": "^1.3.0",
                        "unicode-trie": "^2.0.0"
                    },
                    "dependencies": {
                        "unicode-trie": {
                            "version": "2.0.0",
                            "resolved": "https://registry.npmjs.org/unicode-trie/-/unicode-trie-2.0.0.tgz",
                            "integrity": "sha512-x7bc76x0bm4prf1VLg79uhAzKw8DVboClSN5VxJuQ+LKDOVEW9CdH+VY7SP+vX7xCYQqzzgQpFqz15zeLvAtZQ==",
                            "requires": {
                                "pako": "^0.2.5",
                                "tiny-inflate": "^1.0.0"
                            }
                        }
                    }
                }
            }
        },
        "fs": {
            "version": "0.0.1-security",
            "resolved": "https://registry.npmjs.org/fs/-/fs-0.0.1-security.tgz",
            "integrity": "sha1-invTcYa23d84E/I4WLV+yq9eQdQ="
        },
        "fs.realpath": {
            "version": "1.0.0",
            "resolved": "https://registry.npmjs.org/fs.realpath/-/fs.realpath-1.0.0.tgz",
            "integrity": "sha1-FQStJSMVjKpA20onh8sBQRmU6k8="
        },
        "glob": {
            "version": "7.1.2",
            "resolved": "https://registry.npmjs.org/glob/-/glob-7.1.2.tgz",
            "integrity": "sha512-MJTUg1kjuLeQCJ+ccE4Vpa6kKVXkPYJ2mOCQyUuKLcLQsdrMCpBPUi8qVE6+YuaJkozeA9NusTAw3hLr8Xe5EQ==",
            "requires": {
                "fs.realpath": "^1.0.0",
                "inflight": "^1.0.4",
                "inherits": "2",
                "minimatch": "^3.0.4",
                "once": "^1.3.0",
                "path-is-absolute": "^1.0.0"
            }
        },
        "inflight": {
            "version": "1.0.6",
            "resolved": "https://registry.npmjs.org/inflight/-/inflight-1.0.6.tgz",
            "integrity": "sha1-Sb1jMdfQLQwJvJEKEHW6gWW1bfk=",
            "requires": {
                "once": "^1.3.0",
                "wrappy": "1"
            }
        },
        "inherits": {
            "version": "2.0.3",
            "resolved": "https://registry.npmjs.org/inherits/-/inherits-2.0.3.tgz",
            "integrity": "sha1-Yzwsg+PaQqUC9SRmAiSA9CCCYd4="
        },
        "linebreak-next": {
            "version": "1.0.3",
            "resolved": "https://registry.npmjs.org/linebreak-next/-/linebreak-next-1.0.3.tgz",
            "integrity": "sha512-Wl+T0SZtnAwaTmfJlVimPER7EjyvT7KcILDvYhZ03HoqCHkJu02F3l1qQoBCWHT+c52wTLgXZfplXe11jor3hw==",
            "requires": {
                "base64-js": "1.3.1",
                "unicode-trie": "^1.0.0"
            },
            "dependencies": {
                "base64-js": {
                    "version": "1.3.1",
                    "resolved": "https://registry.npmjs.org/base64-js/-/base64-js-1.3.1.tgz",
                    "integrity": "sha512-mLQ4i2QO1ytvGWFWmcngKO//JXAQueZvwEKtjgQFM4jIK0kU+ytMfplL8j+n5mspOfjHwoAg+9yhb7BwAHm36g=="
                },
                "unicode-trie": {
                    "version": "1.0.0",
                    "resolved": "https://registry.npmjs.org/unicode-trie/-/unicode-trie-1.0.0.tgz",
                    "integrity": "sha512-v5raLKsobbFbWLMoX9+bChts/VhPPj3XpkNr/HbqkirXR1DPk8eo9IYKyvk0MQZFkaoRsFj2Rmaqgi2rfAZYtA==",
                    "requires": {
                        "pako": "^0.2.5",
                        "tiny-inflate": "^1.0.0"
                    }
                }
            }
        },
        "lodash": {
            "version": "4.17.21",
            "resolved": "https://registry.npmjs.org/lodash/-/lodash-4.17.21.tgz",
            "integrity": "sha512-v2kDEe57lecTulaDIuNTPy3Ry4gLGJ6Z1O3vE1krgXZNrsQ+LFTGHVxVjcXPs17LhbZVGedAJv8XZ1tvj5FvSg=="
        },
        "minimatch": {
            "version": "3.0.4",
            "resolved": "https://registry.npmjs.org/minimatch/-/minimatch-3.0.4.tgz",
            "integrity": "sha512-yJHVQEhyqPLUTgt9B83PXu6W3rx4MvvHvSUvToogpwoGDOUQ+yDrR0HRot+yOCdCO7u4hX3pWft6kWBBcqh0UA==",
            "requires": {
                "brace-expansion": "^1.1.7"
            }
        },
        "node-getopt": {
            "version": "0.3.2",
            "resolved": "https://registry.npmjs.org/node-getopt/-/node-getopt-0.3.2.tgz",
            "integrity": "sha512-yqkmYrMbK1wPrfz7mgeYvA4tBperLg9FQ4S3Sau3nSAkpOA0x0zC8nQ1siBwozy1f4SE8vq2n1WKv99r+PCa1Q=="
        },
        "once": {
            "version": "1.4.0",
            "resolved": "https://registry.npmjs.org/once/-/once-1.4.0.tgz",
            "integrity": "sha1-WDsap3WWHUsROsF9nFC6753Xa9E=",
            "requires": {
                "wrappy": "1"
            }
        },
        "pako": {
            "version": "0.2.9",
            "resolved": "https://registry.npmjs.org/pako/-/pako-0.2.9.tgz",
            "integrity": "sha1-8/dSL073gjSNqBYbrZ7P1Rv4OnU="
        },
        "path-is-absolute": {
            "version": "1.0.1",
            "resolved": "https://registry.npmjs.org/path-is-absolute/-/path-is-absolute-1.0.1.tgz",
            "integrity": "sha1-F0uSaHNVNP+8es5r9TpanhtcX18="
        },
        "pdfkit-next": {
            "version": "0.11.0",
            "resolved": "https://registry.npmjs.org/pdfkit-next/-/pdfkit-next-0.11.0.tgz",
            "integrity": "sha512-42fEOfOKw3q5NgX8C6O8FUtZiQwPFlxnbAnrnPEnE1zzTLBZrslmcZKqT+JkL8bI4+Io27/7magUzKtE19gNqw==",
            "requires": {
                "crypto-js": "^3.1.9-1",
                "fontkit-next": "^1.8.3",
                "linebreak-next": "^1.0.2",
                "png-js": "^1.0.0"
            },
            "dependencies": {
                "png-js": {
                    "version": "1.0.0",
                    "resolved": "https://registry.npmjs.org/png-js/-/png-js-1.0.0.tgz",
                    "integrity": "sha512-k+YsbhpA9e+EFfKjTCH3VW6aoKlyNYI6NYdTfDL4CIvFnvsuO84ttonmZE7rc+v23SLTH8XX+5w/Ak9v0xGY4g=="
                }
            }
        },
        "restructure-next": {
            "version": "2.0.1",
            "resolved": "https://registry.npmjs.org/restructure-next/-/restructure-next-2.0.1.tgz",
            "integrity": "sha512-t8aY/yCzrEBAw/aQ9F45jqTXEDRFU4soIL0e5lc5NTIo9cFXeqkVgxK62vqO4zN6pyuILSsIjljVh2PwLu6ISg=="
        },
        "tiny-inflate": {
            "version": "1.0.2",
            "resolved": "https://registry.npmjs.org/tiny-inflate/-/tiny-inflate-1.0.2.tgz",
            "integrity": "sha1-k9nez/yIBb1X6uQxDwt0Xptvs6c="
        },
        "unicode-trie": {
            "version": "0.3.1",
            "resolved": "https://registry.npmjs.org/unicode-trie/-/unicode-trie-0.3.1.tgz",
            "integrity": "sha1-1nHd3YkQGgi6w3tqUWEBBgIFIIU=",
            "requires": {
                "pako": "^0.2.5",
                "tiny-inflate": "^1.0.0"
            }
        },
        "voilab-pdf-table": {
            "version": "0.4.0",
            "resolved": "https://registry.npmjs.org/voilab-pdf-table/-/voilab-pdf-table-0.4.0.tgz",
            "integrity": "sha1-Nxm8OlgPahIPd1xJ0by1mkGsUOA=",
            "requires": {
                "lodash": "4.*"
            }
        },
        "wrappy": {
            "version": "1.0.2",
            "resolved": "https://registry.npmjs.org/wrappy/-/wrappy-1.0.2.tgz",
            "integrity": "sha1-tSQ9jz7BqjXxNkYFvA0QNuMKtp8="
        }
    }
}
